
Microsoft Visual Studio Solution File, Format Version 12.00
# Visual Studio Version 16
VisualStudioVersion = 16.0.30611.23
MinimumVisualStudioVersion = 10.0.40219.1
Project("{FAE04EC0-301F-11D3-BF4B-00C04F79EFBC}") = "Identity.Base", "Identity.Base\Identity.Base.csproj", "{026C422C-9A46-4D79-8888-6C72DDC5B2AB}"
EndProject
Global
	GlobalSection(SolutionConfigurationPlatforms) = preSolution
		Debug|Any CPU = Debug|Any CPU
		Release|Any CPU = Release|Any CPU
	EndGlobalSection
	GlobalSection(ProjectConfigurationPlatforms) = postSolution
		{026C422C-9A46-4D79-8888-6C72DDC5B2AB}.Debug|Any CPU.ActiveCfg = Debug|Any CPU
		{026C422C-9A46-4D79-8888-6C72DDC5B2AB}.Debug|Any CPU.Build.0 = Debug|Any CPU
		{026C422C-9A46-4D79-8888-6C72DDC5B2AB}.Release|Any CPU.ActiveCfg = Release|Any CPU
		{026C422C-9A46-4D79-8888-6C72DDC5B2AB}.Release|Any CPU.Build.0 = Release|Any CPU
	EndGlobalSection
	GlobalSection(SolutionProperties) = preSolution
		HideSolutionNode = FALSE
	EndGlobalSection
	GlobalSection(ExtensibilityGlobals) = postSolution
		SolutionGuid = {62C4D58D-0CA7-4BAD-95E0-FFD55E85CB9B}
	EndGlobalSection
EndGlobal
